
Microsoft Visual Studio Solution File, Format Version 12.00
# Visual Studio Version 17
VisualStudioVersion = 17.9.34723.18
MinimumVisualStudioVersion = 10.0.40219.1
Project("{FAE04EC0-301F-11D3-BF4B-00C04F79EFBC}") = "API_LV", "API_LV\API_LV.csproj", "{A9082EE0-20AF-4281-BD61-6D08310F2CF0}"
EndProject
Global
	GlobalSection(SolutionConfigurationPlatforms) = preSolution
		Debug|Any CPU = Debug|Any CPU
		Release|Any CPU = Release|Any CPU
	EndGlobalSection
	GlobalSection(ProjectConfigurationPlatforms) = postSolution
		{A9082EE0-20AF-4281-BD61-6D08310F2CF0}.Debug|Any CPU.ActiveCfg = Debug|Any CPU
		{A9082EE0-20AF-4281-BD61-6D08310F2CF0}.Debug|Any CPU.Build.0 = Debug|Any CPU
		{A9082EE0-20AF-4281-BD61-6D08310F2CF0}.Release|Any CPU.ActiveCfg = Release|Any CPU
		{A9082EE0-20AF-4281-BD61-6D08310F2CF0}.Release|Any CPU.Build.0 = Release|Any CPU
	EndGlobalSection
	GlobalSection(SolutionProperties) = preSolution
		HideSolutionNode = FALSE
	EndGlobalSection
	GlobalSection(ExtensibilityGlobals) = postSolution
		SolutionGuid = {C085D919-DBCA-459C-84C6-673918598D3E}
	EndGlobalSection
EndGlobal
